
Microsoft Visual Studio Solution File, Format Version 12.00
# Visual Studio 15
VisualStudioVersion = 15.0.28010.2016
MinimumVisualStudioVersion = 10.0.40219.1
Project("{FAE04EC0-301F-11D3-BF4B-00C04F79EFBC}") = "GpsTools", "GpsTools\GpsTools.csproj", "{AD7319E8-2594-4D26-B8EC-FDE70069DC50}"
EndProject
Global
	GlobalSection(SolutionConfigurationPlatforms) = preSolution
		Debug|Any CPU = Debug|Any CPU
		Release|Any CPU = Release|Any CPU
	EndGlobalSection
	GlobalSection(ProjectConfigurationPlatforms) = postSolution
		{AD7319E8-2594-4D26-B8EC-FDE70069DC50}.Debug|Any CPU.ActiveCfg = Debug|Any CPU
		{AD7319E8-2594-4D26-B8EC-FDE70069DC50}.Debug|Any CPU.Build.0 = Debug|Any CPU
		{AD7319E8-2594-4D26-B8EC-FDE70069DC50}.Release|Any CPU.ActiveCfg = Release|Any CPU
		{AD7319E8-2594-4D26-B8EC-FDE70069DC50}.Release|Any CPU.Build.0 = Release|Any CPU
	EndGlobalSection
	GlobalSection(SolutionProperties) = preSolution
		HideSolutionNode = FALSE
	EndGlobalSection
	GlobalSection(ExtensibilityGlobals) = postSolution
		SolutionGuid = {1484AB9A-72D3-4415-8234-E3573F5A4DC5}
	EndGlobalSection
EndGlobal
